PODS:
  - mParticle-Apple-SDK/mParticle (7.16.2)
  - Singular-SDK (9.4.0)

DEPENDENCIES:
  - mParticle-Apple-SDK/mParticle (~> 7.0)
  - Singular-SDK (~> 9.4.0)

SPEC REPOS:
  trunk:
    - mParticle-Apple-SDK
    - Singular-SDK

SPEC CHECKSUMS:
  mParticle-Apple-SDK: 7965afe338c1c359e8b90cea9cc19cafaac8eee8
  Singular-SDK: aff4a26e05bf5b8ea6be5b5c149c9986c812042d

PODFILE CHECKSUM: 3c9df55e8f15cf1b7af5a772be18a24a74f41c9a

COCOAPODS: 1.8.4
